
Microsoft Visual Studio Solution File, Format Version 12.00
# Visual Studio Version 17
VisualStudioVersion = 17.6.33723.286
MinimumVisualStudioVersion = 10.0.40219.1
Project("{FAE04EC0-301F-11D3-BF4B-00C04F79EFBC}") = "PortfolioCore", "PortfolioCore\PortfolioCore.csproj", "{9711F6EE-F770-4A5F-A7DE-9F143E5B747B}"
EndProject
Global
	GlobalSection(SolutionConfigurationPlatforms) = preSolution
		Debug|Any CPU = Debug|Any CPU
		Release|Any CPU = Release|Any CPU
	EndGlobalSection
	GlobalSection(ProjectConfigurationPlatforms) = postSolution
		{9711F6EE-F770-4A5F-A7DE-9F143E5B747B}.Debug|Any CPU.ActiveCfg = Debug|Any CPU
		{9711F6EE-F770-4A5F-A7DE-9F143E5B747B}.Debug|Any CPU.Build.0 = Debug|Any CPU
		{9711F6EE-F770-4A5F-A7DE-9F143E5B747B}.Release|Any CPU.ActiveCfg = Release|Any CPU
		{9711F6EE-F770-4A5F-A7DE-9F143E5B747B}.Release|Any CPU.Build.0 = Release|Any CPU
	EndGlobalSection
	GlobalSection(SolutionProperties) = preSolution
		HideSolutionNode = FALSE
	EndGlobalSection
	GlobalSection(ExtensibilityGlobals) = postSolution
		SolutionGuid = {E1068E0A-98D5-4E41-A9EA-D8013F49E069}
	EndGlobalSection
EndGlobal
